
Microsoft Visual Studio Solution File, Format Version 12.00
# Visual Studio 15
VisualStudioVersion = 15.0.28010.2041
MinimumVisualStudioVersion = 10.0.40219.1
Project("{FAE04EC0-301F-11D3-BF4B-00C04F79EFBC}") = "WindowsFormsApp1", "WindowsFormsApp1\WindowsFormsApp1.csproj", "{B2F729D9-8540-4B8C-8B47-84AA3AF96AAD}"
EndProject
Global
	GlobalSection(SolutionConfigurationPlatforms) = preSolution
		Debug|Any CPU = Debug|Any CPU
		Release|Any CPU = Release|Any CPU
	EndGlobalSection
	GlobalSection(ProjectConfigurationPlatforms) = postSolution
		{B2F729D9-8540-4B8C-8B47-84AA3AF96AAD}.Debug|Any CPU.ActiveCfg = Debug|Any CPU
		{B2F729D9-8540-4B8C-8B47-84AA3AF96AAD}.Debug|Any CPU.Build.0 = Debug|Any CPU
		{B2F729D9-8540-4B8C-8B47-84AA3AF96AAD}.Release|Any CPU.ActiveCfg = Release|Any CPU
		{B2F729D9-8540-4B8C-8B47-84AA3AF96AAD}.Release|Any CPU.Build.0 = Release|Any CPU
	EndGlobalSection
	GlobalSection(SolutionProperties) = preSolution
		HideSolutionNode = FALSE
	EndGlobalSection
	GlobalSection(ExtensibilityGlobals) = postSolution
		SolutionGuid = {478E153C-6866-4596-BF96-39229C4A9A06}
	EndGlobalSection
EndGlobal
